
Microsoft Visual Studio Solution File, Format Version 12.00
# Visual Studio Version 17
VisualStudioVersion = 17.10.35122.118
MinimumVisualStudioVersion = 10.0.40219.1
Project("{FAE04EC0-301F-11D3-BF4B-00C04F79EFBC}") = "Floyd triangle", "Floyd triangle\Floyd triangle.csproj", "{6BBFADD7-C427-4F56-AA7D-C3B7B743CA61}"
EndProject
Global
	GlobalSection(SolutionConfigurationPlatforms) = preSolution
		Debug|Any CPU = Debug|Any CPU
		Release|Any CPU = Release|Any CPU
	EndGlobalSection
	GlobalSection(ProjectConfigurationPlatforms) = postSolution
		{6BBFADD7-C427-4F56-AA7D-C3B7B743CA61}.Debug|Any CPU.ActiveCfg = Debug|Any CPU
		{6BBFADD7-C427-4F56-AA7D-C3B7B743CA61}.Debug|Any CPU.Build.0 = Debug|Any CPU
		{6BBFADD7-C427-4F56-AA7D-C3B7B743CA61}.Release|Any CPU.ActiveCfg = Release|Any CPU
		{6BBFADD7-C427-4F56-AA7D-C3B7B743CA61}.Release|Any CPU.Build.0 = Release|Any CPU
	EndGlobalSection
	GlobalSection(SolutionProperties) = preSolution
		HideSolutionNode = FALSE
	EndGlobalSection
	GlobalSection(ExtensibilityGlobals) = postSolution
		SolutionGuid = {3A4E8F22-0214-4D41-92E4-380D95C5D770}
	EndGlobalSection
EndGlobal
