
Microsoft Visual Studio Solution File, Format Version 12.00
# Visual Studio Version 17
VisualStudioVersion = 17.10.35122.118
MinimumVisualStudioVersion = 10.0.40219.1
Project("{FAE04EC0-301F-11D3-BF4B-00C04F79EFBC}") = "AI-Powered Chatbot", "AI-Powered Chatbot\AI-Powered Chatbot.csproj", "{F49E314C-2F54-48E1-8B8D-DE3C56E2CA71}"
EndProject
Global
	GlobalSection(SolutionConfigurationPlatforms) = preSolution
		Debug|Any CPU = Debug|Any CPU
		Release|Any CPU = Release|Any CPU
	EndGlobalSection
	GlobalSection(ProjectConfigurationPlatforms) = postSolution
		{F49E314C-2F54-48E1-8B8D-DE3C56E2CA71}.Debug|Any CPU.ActiveCfg = Debug|Any CPU
		{F49E314C-2F54-48E1-8B8D-DE3C56E2CA71}.Debug|Any CPU.Build.0 = Debug|Any CPU
		{F49E314C-2F54-48E1-8B8D-DE3C56E2CA71}.Release|Any CPU.ActiveCfg = Release|Any CPU
		{F49E314C-2F54-48E1-8B8D-DE3C56E2CA71}.Release|Any CPU.Build.0 = Release|Any CPU
	EndGlobalSection
	GlobalSection(SolutionProperties) = preSolution
		HideSolutionNode = FALSE
	EndGlobalSection
	GlobalSection(ExtensibilityGlobals) = postSolution
		SolutionGuid = {EB68B642-0C18-4190-A41B-1436049ACC58}
	EndGlobalSection
EndGlobal
