
Microsoft Visual Studio Solution File, Format Version 12.00
# Visual Studio Version 17
VisualStudioVersion = 17.10.35122.118
MinimumVisualStudioVersion = 10.0.40219.1
Project("{FAE04EC0-301F-11D3-BF4B-00C04F79EFBC}") = "Half diamond star", "Half diamond star\Half diamond star.csproj", "{9BEB1A6C-5422-4F35-9FCE-FD1177A7F34F}"
EndProject
Global
	GlobalSection(SolutionConfigurationPlatforms) = preSolution
		Debug|Any CPU = Debug|Any CPU
		Release|Any CPU = Release|Any CPU
	EndGlobalSection
	GlobalSection(ProjectConfigurationPlatforms) = postSolution
		{9BEB1A6C-5422-4F35-9FCE-FD1177A7F34F}.Debug|Any CPU.ActiveCfg = Debug|Any CPU
		{9BEB1A6C-5422-4F35-9FCE-FD1177A7F34F}.Debug|Any CPU.Build.0 = Debug|Any CPU
		{9BEB1A6C-5422-4F35-9FCE-FD1177A7F34F}.Release|Any CPU.ActiveCfg = Release|Any CPU
		{9BEB1A6C-5422-4F35-9FCE-FD1177A7F34F}.Release|Any CPU.Build.0 = Release|Any CPU
	EndGlobalSection
	GlobalSection(SolutionProperties) = preSolution
		HideSolutionNode = FALSE
	EndGlobalSection
	GlobalSection(ExtensibilityGlobals) = postSolution
		SolutionGuid = {57D2C9E2-C5A9-437C-A0ED-65AF936C9480}
	EndGlobalSection
EndGlobal
